
Microsoft Visual Studio Solution File, Format Version 11.00
# Visual Studio 2010
Project("{FAE04EC0-301F-11D3-BF4B-00C04F79EFBC}") = "DinoKart1", "Assembly-CSharp.csproj", "{FDE53E7F-A88C-27B0-27CA-8A46C08FE4FA}"
EndProject
Global
	GlobalSection(SolutionConfigurationPlatforms) = preSolution
		Debug|Any CPU = Debug|Any CPU
		Release|Any CPU = Release|Any CPU
	EndGlobalSection
	GlobalSection(ProjectConfigurationPlatforms) = postSolution
		{FDE53E7F-A88C-27B0-27CA-8A46C08FE4FA}.Debug|Any CPU.ActiveCfg = Debug|Any CPU
		{FDE53E7F-A88C-27B0-27CA-8A46C08FE4FA}.Debug|Any CPU.Build.0 = Debug|Any CPU
		{FDE53E7F-A88C-27B0-27CA-8A46C08FE4FA}.Release|Any CPU.ActiveCfg = Release|Any CPU
		{FDE53E7F-A88C-27B0-27CA-8A46C08FE4FA}.Release|Any CPU.Build.0 = Release|Any CPU
	EndGlobalSection
	GlobalSection(SolutionProperties) = preSolution
		HideSolutionNode = FALSE
	EndGlobalSection
	GlobalSection(MonoDevelopProperties) = preSolution
		StartupItem = Assembly-CSharp.csproj
	EndGlobalSection
EndGlobal
